{
  "name": "parse-brush",
  "version": "1.0.0",
  "lockfileVersion": 1,
  "requires": true,
  "dependencies": {
    "data.either": {
      "version": "1.5.2",
      "resolved": "https://registry.npmjs.org/data.either/-/data.either-1.5.2.tgz",
      "integrity": "sha512-ADXzxd3HiUzK+X0Txy8ZxzGKlQcVVMITkQ6yOWZ61EFxQ4a4YEHIMI4mPYc7U4q/3btGNMpJ9+Mt+Q/IWAQCZw=="
    },
    "esm": {
      "version": "3.0.84",
      "resolved": "https://registry.npmjs.org/esm/-/esm-3.0.84.tgz",
      "integrity": "sha512-SzSGoZc17S7P+12R9cg21Bdb7eybX25RnIeRZ80xZs+VZ3kdQKzqTp2k4hZJjR7p9l0186TTXSgrxzlMDBktlw=="
    }
  }
}
